
Microsoft Visual Studio Solution File, Format Version 12.00
# Visual Studio Version 16
VisualStudioVersion = 16.0.32802.440
MinimumVisualStudioVersion = 10.0.40219.1
Project("{FAE04EC0-301F-11D3-BF4B-00C04F79EFBC}") = "AjmeraAssessment", "AjmeraAssessment\AjmeraAssessment.csproj", "{9B0EEE68-6D4E-4E78-A6C6-A1F09D2FC4D2}"
EndProject
Global
	GlobalSection(SolutionConfigurationPlatforms) = preSolution
		Debug|Any CPU = Debug|Any CPU
		Release|Any CPU = Release|Any CPU
	EndGlobalSection
	GlobalSection(ProjectConfigurationPlatforms) = postSolution
		{9B0EEE68-6D4E-4E78-A6C6-A1F09D2FC4D2}.Debug|Any CPU.ActiveCfg = Debug|Any CPU
		{9B0EEE68-6D4E-4E78-A6C6-A1F09D2FC4D2}.Debug|Any CPU.Build.0 = Debug|Any CPU
		{9B0EEE68-6D4E-4E78-A6C6-A1F09D2FC4D2}.Release|Any CPU.ActiveCfg = Release|Any CPU
		{9B0EEE68-6D4E-4E78-A6C6-A1F09D2FC4D2}.Release|Any CPU.Build.0 = Release|Any CPU
	EndGlobalSection
	GlobalSection(SolutionProperties) = preSolution
		HideSolutionNode = FALSE
	EndGlobalSection
	GlobalSection(ExtensibilityGlobals) = postSolution
		SolutionGuid = {1DC50C85-186B-4867-A36C-2A52D7B9BBC0}
	EndGlobalSection
EndGlobal
